
Microsoft Visual Studio Solution File, Format Version 12.00
# Visual Studio Version 17
VisualStudioVersion = 17.9.34622.214
MinimumVisualStudioVersion = 10.0.40219.1
Project("{9A19103F-16F7-4668-BE54-9A1E7A4F7556}") = "PriceTagControlServer", "PriceTagControlServer\PriceTagControlServer.csproj", "{4EC02356-23E9-4FA2-B5FE-6801AC32A990}"
EndProject
Project("{E53339B2-1760-4266-BCC7-CA923CBCF16C}") = "docker-compose", "docker-compose.dcproj", "{8570EBFF-A24C-47C0-B414-E32B2720B733}"
EndProject
Global
	GlobalSection(SolutionConfigurationPlatforms) = preSolution
		Debug|Any CPU = Debug|Any CPU
		Release|Any CPU = Release|Any CPU
	EndGlobalSection
	GlobalSection(ProjectConfigurationPlatforms) = postSolution
		{4EC02356-23E9-4FA2-B5FE-6801AC32A990}.Debug|Any CPU.ActiveCfg = Debug|Any CPU
		{4EC02356-23E9-4FA2-B5FE-6801AC32A990}.Debug|Any CPU.Build.0 = Debug|Any CPU
		{4EC02356-23E9-4FA2-B5FE-6801AC32A990}.Release|Any CPU.ActiveCfg = Release|Any CPU
		{4EC02356-23E9-4FA2-B5FE-6801AC32A990}.Release|Any CPU.Build.0 = Release|Any CPU
		{8570EBFF-A24C-47C0-B414-E32B2720B733}.Debug|Any CPU.ActiveCfg = Debug|Any CPU
		{8570EBFF-A24C-47C0-B414-E32B2720B733}.Debug|Any CPU.Build.0 = Debug|Any CPU
		{8570EBFF-A24C-47C0-B414-E32B2720B733}.Release|Any CPU.ActiveCfg = Release|Any CPU
		{8570EBFF-A24C-47C0-B414-E32B2720B733}.Release|Any CPU.Build.0 = Release|Any CPU
	EndGlobalSection
	GlobalSection(SolutionProperties) = preSolution
		HideSolutionNode = FALSE
	EndGlobalSection
	GlobalSection(ExtensibilityGlobals) = postSolution
		SolutionGuid = {8D17F6AC-48C3-49B8-A549-BADBDF8EE578}
	EndGlobalSection
EndGlobal
